
Microsoft Visual Studio Solution File, Format Version 12.00
# Visual Studio Version 16
VisualStudioVersion = 25.0.1703.5
MinimumVisualStudioVersion = 10.0.40219.1
Project("{FAE04EC0-301F-11D3-BF4B-00C04F79EFBC}") = "1", "1\1.csproj", "{ED36BDA4-7223-47B0-A8AB-FA52C262D586}"
EndProject
Global
	GlobalSection(SolutionConfigurationPlatforms) = preSolution
		Debug|Any CPU = Debug|Any CPU
		Release|Any CPU = Release|Any CPU
	EndGlobalSection
	GlobalSection(ProjectConfigurationPlatforms) = postSolution
		{ED36BDA4-7223-47B0-A8AB-FA52C262D586}.Debug|Any CPU.ActiveCfg = Debug|Any CPU
		{ED36BDA4-7223-47B0-A8AB-FA52C262D586}.Debug|Any CPU.Build.0 = Debug|Any CPU
		{ED36BDA4-7223-47B0-A8AB-FA52C262D586}.Release|Any CPU.ActiveCfg = Release|Any CPU
		{ED36BDA4-7223-47B0-A8AB-FA52C262D586}.Release|Any CPU.Build.0 = Release|Any CPU
	EndGlobalSection
	GlobalSection(SolutionProperties) = preSolution
		HideSolutionNode = FALSE
	EndGlobalSection
	GlobalSection(ExtensibilityGlobals) = postSolution
		SolutionGuid = {799824A8-44DA-4290-BEAA-0F7E5F756CD9}
	EndGlobalSection
EndGlobal
